
Microsoft Visual Studio Solution File, Format Version 12.00
# Visual Studio Version 17
VisualStudioVersion = 17.8.34330.188
MinimumVisualStudioVersion = 10.0.40219.1
Project("{8BC9CEB8-8B4A-11D0-8D11-00A0C91BC942}") = "L20240123_TCPClient", "L20240123_TCPClient.vcxproj", "{0FB97CC9-77C9-49A2-B99A-A3800A2F2065}"
EndProject
Global
	GlobalSection(SolutionConfigurationPlatforms) = preSolution
		Debug|x64 = Debug|x64
		Debug|x86 = Debug|x86
		Release|x64 = Release|x64
		Release|x86 = Release|x86
	EndGlobalSection
	GlobalSection(ProjectConfigurationPlatforms) = postSolution
		{0FB97CC9-77C9-49A2-B99A-A3800A2F2065}.Debug|x64.ActiveCfg = Debug|x64
		{0FB97CC9-77C9-49A2-B99A-A3800A2F2065}.Debug|x64.Build.0 = Debug|x64
		{0FB97CC9-77C9-49A2-B99A-A3800A2F2065}.Debug|x86.ActiveCfg = Debug|Win32
		{0FB97CC9-77C9-49A2-B99A-A3800A2F2065}.Debug|x86.Build.0 = Debug|Win32
		{0FB97CC9-77C9-49A2-B99A-A3800A2F2065}.Release|x64.ActiveCfg = Release|x64
		{0FB97CC9-77C9-49A2-B99A-A3800A2F2065}.Release|x64.Build.0 = Release|x64
		{0FB97CC9-77C9-49A2-B99A-A3800A2F2065}.Release|x86.ActiveCfg = Release|Win32
		{0FB97CC9-77C9-49A2-B99A-A3800A2F2065}.Release|x86.Build.0 = Release|Win32
	EndGlobalSection
	GlobalSection(SolutionProperties) = preSolution
		HideSolutionNode = FALSE
	EndGlobalSection
	GlobalSection(ExtensibilityGlobals) = postSolution
		SolutionGuid = {86E41083-9995-45E5-8BF8-BBDF5C4C3BAF}
	EndGlobalSection
EndGlobal
